
Microsoft Visual Studio Solution File, Format Version 12.00
# Visual Studio 2013
VisualStudioVersion = 12.0.21005.1
MinimumVisualStudioVersion = 10.0.40219.1
Project("{FAE04EC0-301F-11D3-BF4B-00C04F79EFBC}") = "2001199001_TranNgocHieu_Buoi3", "2001199001_TranNgocHieu_Buoi3\2001199001_TranNgocHieu_Buoi3.csproj", "{92755D1E-1574-4B9A-883C-CA8EAB920E92}"
EndProject
Project("{FAE04EC0-301F-11D3-BF4B-00C04F79EFBC}") = "ControlsDesign", "ControlsDesign\ControlsDesign.csproj", "{728DF8C4-2F07-4DC5-9E77-ACF0DBEADE29}"
EndProject
Global
	GlobalSection(SolutionConfigurationPlatforms) = preSolution
		Debug|Any CPU = Debug|Any CPU
		Release|Any CPU = Release|Any CPU
	EndGlobalSection
	GlobalSection(ProjectConfigurationPlatforms) = postSolution
		{92755D1E-1574-4B9A-883C-CA8EAB920E92}.Debug|Any CPU.ActiveCfg = Debug|Any CPU
		{92755D1E-1574-4B9A-883C-CA8EAB920E92}.Debug|Any CPU.Build.0 = Debug|Any CPU
		{92755D1E-1574-4B9A-883C-CA8EAB920E92}.Release|Any CPU.ActiveCfg = Release|Any CPU
		{92755D1E-1574-4B9A-883C-CA8EAB920E92}.Release|Any CPU.Build.0 = Release|Any CPU
		{728DF8C4-2F07-4DC5-9E77-ACF0DBEADE29}.Debug|Any CPU.ActiveCfg = Debug|Any CPU
		{728DF8C4-2F07-4DC5-9E77-ACF0DBEADE29}.Debug|Any CPU.Build.0 = Debug|Any CPU
		{728DF8C4-2F07-4DC5-9E77-ACF0DBEADE29}.Release|Any CPU.ActiveCfg = Release|Any CPU
		{728DF8C4-2F07-4DC5-9E77-ACF0DBEADE29}.Release|Any CPU.Build.0 = Release|Any CPU
	EndGlobalSection
	GlobalSection(SolutionProperties) = preSolution
		HideSolutionNode = FALSE
	EndGlobalSection
EndGlobal
